{
    "_readme": [
        "This file locks the dependencies of your project to a known state",
        "Read more about it at https://getcomposer.org/doc/01-basic-usage.md#installing-dependencies",
        "This file is @generated automatically"
    ],
    "content-hash": "3cf71d1b03f2e64677f4db8d7ae6e5c3",
    "packages": [
        {
            "name": "mirror-and-mountain/meros-dynamic-page",
            "version": "v0.0.5",
            "source": {
                "type": "git",
                "url": "git@github.com:mirror-and-mountain/meros-dynamic-page.git",
                "reference": "6aeb365fde3badb91624a227cb9ae26602913286"
            },
            "dist": {
                "type": "zip",
                "url": "https://api.github.com/repos/mirror-and-mountain/meros-dynamic-page/zipball/6aeb365fde3badb91624a227cb9ae26602913286",
                "reference": "6aeb365fde3badb91624a227cb9ae26602913286",
                "shasum": ""
            },
            "type": "library",
            "autoload": {
                "psr-4": {
                    "MM\\Meros\\DynamicPage\\": "src/"
                }
            },
            "license": [
                "MIT"
            ],
            "authors": [
                {
                    "name": "tmw-mm",
                    "email": "toby@mirrorandmountain.com"
                }
            ],
            "description": "Pending",
            "support": {
                "source": "https://github.com/mirror-and-mountain/meros-dynamic-page/tree/v0.0.5",
                "issues": "https://github.com/mirror-and-mountain/meros-dynamic-page/issues"
            },
            "time": "2025-05-01T15:42:16+00:00"
        }
    ],
    "packages-dev": [],
    "aliases": [],
    "minimum-stability": "dev",
    "stability-flags": {},
    "prefer-stable": true,
    "prefer-lowest": false,
    "platform": {},
    "platform-dev": {},
    "plugin-api-version": "2.6.0"
}
